
Microsoft Visual Studio Solution File, Format Version 12.00
# Visual Studio Version 16
VisualStudioVersion = 16.0.31729.503
MinimumVisualStudioVersion = 10.0.40219.1
Project("{9A19103F-16F7-4668-BE54-9A1E7A4F7556}") = "Portfolio", "Scheduler\Portfolio.csproj", "{6B99DEC6-6E27-4A91-B0F3-A0B31D2098E9}"
EndProject
Global
	GlobalSection(SolutionConfigurationPlatforms) = preSolution
		Debug|Any CPU = Debug|Any CPU
		Release|Any CPU = Release|Any CPU
	EndGlobalSection
	GlobalSection(ProjectConfigurationPlatforms) = postSolution
		{6B99DEC6-6E27-4A91-B0F3-A0B31D2098E9}.Debug|Any CPU.ActiveCfg = Debug|Any CPU
		{6B99DEC6-6E27-4A91-B0F3-A0B31D2098E9}.Debug|Any CPU.Build.0 = Debug|Any CPU
		{6B99DEC6-6E27-4A91-B0F3-A0B31D2098E9}.Release|Any CPU.ActiveCfg = Release|Any CPU
		{6B99DEC6-6E27-4A91-B0F3-A0B31D2098E9}.Release|Any CPU.Build.0 = Release|Any CPU
	EndGlobalSection
	GlobalSection(SolutionProperties) = preSolution
		HideSolutionNode = FALSE
	EndGlobalSection
	GlobalSection(ExtensibilityGlobals) = postSolution
		SolutionGuid = {8BC4A67B-D37E-449A-8677-7BFCA0720418}
	EndGlobalSection
EndGlobal
